// !$*UTF8*$!
{
	archiveVersion = 1;
	classes = {
	};
	objectVersion = 51;
	objects = {

/* Begin PBXBuildFile section */
		0129EF63258611B800488AEC /* AppDelegate.swift in Sources */ = {isa = PBXBuildFile; fileRef = 0129EF62258611B800488AEC /* AppDelegate.swift */; };
		0129EF65258611B800488AEC /* SceneDelegate.swift in Sources */ = {isa = PBXBuildFile; fileRef = 0129EF64258611B800488AEC /* SceneDelegate.swift */; };
		0129EF67258611B800488AEC /* HomeViewController.swift in Sources */ = {isa = PBXBuildFile; fileRef = 0129EF66258611B800488AEC /* HomeViewController.swift */; };
		0129EF6A258611B800488AEC /* Main.storyboard in Resources */ = {isa = PBXBuildFile; fileRef = 0129EF68258611B800488AEC /* Main.storyboard */; };
		0129EF6C258611B900488AEC /* Assets.xcassets in Resources */ = {isa = PBXBuildFile; fileRef = 0129EF6B258611B900488AEC /* Assets.xcassets */; };
		0129EF6F258611B900488AEC /* LaunchScreen.storyboard in Resources */ = {isa = PBXBuildFile; fileRef = 0129EF6D258611B900488AEC /* LaunchScreen.storyboard */; };
		0129EF7A258611B900488AEC /* NewsTests.swift in Sources */ = {isa = PBXBuildFile; fileRef = 0129EF79258611B900488AEC /* NewsTests.swift */; };
		0129EF85258611B900488AEC /* NewsUITests.swift in Sources */ = {isa = PBXBuildFile; fileRef = 0129EF84258611B900488AEC /* NewsUITests.swift */; };
		0129EF972586149500488AEC /* SplashViewController.swift in Sources */ = {isa = PBXBuildFile; fileRef = 0129EF962586149500488AEC /* SplashViewController.swift */; };
		0129EFA22586162700488AEC /* Constants.swift in Sources */ = {isa = PBXBuildFile; fileRef = 0129EFA12586162700488AEC /* Constants.swift */; };
		0129EFA8258619AF00488AEC /* Setting.swift in Sources */ = {isa = PBXBuildFile; fileRef = 0129EFA7258619AF00488AEC /* Setting.swift */; };
		0129EFAE25862F7B00488AEC /* UserDefaultsDecoder.swift in Sources */ = {isa = PBXBuildFile; fileRef = 0129EFAD25862F7B00488AEC /* UserDefaultsDecoder.swift */; };
		0129EFB3258634AB00488AEC /* UIViewController + Extention.swift in Sources */ = {isa = PBXBuildFile; fileRef = 0129EFB2258634AB00488AEC /* UIViewController + Extention.swift */; };
		0129EFB8258636A300488AEC /* SettingsViewController.swift in Sources */ = {isa = PBXBuildFile; fileRef = 0129EFB7258636A300488AEC /* SettingsViewController.swift */; };
		0129EFBE25863C9500488AEC /* SelectionsView.swift in Sources */ = {isa = PBXBuildFile; fileRef = 0129EFBD25863C9500488AEC /* SelectionsView.swift */; };
		0129EFC625863CA900488AEC /* SelectionsView.xib in Resources */ = {isa = PBXBuildFile; fileRef = 0129EFC525863CA900488AEC /* SelectionsView.xib */; };
		0129EFCC25864C5C00488AEC /* SelectionTableViewCell.swift in Sources */ = {isa = PBXBuildFile; fileRef = 0129EFCA25864C5C00488AEC /* SelectionTableViewCell.swift */; };
		0129EFCD25864C5C00488AEC /* SelectionTableViewCell.xib in Resources */ = {isa = PBXBuildFile; fileRef = 0129EFCB25864C5C00488AEC /* SelectionTableViewCell.xib */; };
		0129EFD3258651C500488AEC /* NibLoadable+Reusable.swift in Sources */ = {isa = PBXBuildFile; fileRef = 0129EFD2258651C500488AEC /* NibLoadable+Reusable.swift */; };
		0129EFDB2586520100488AEC /* CustomViewNibLoadable.swift in Sources */ = {isa = PBXBuildFile; fileRef = 0129EFDA2586520100488AEC /* CustomViewNibLoadable.swift */; };
		0129EFE02586523100488AEC /* UIView+extension.swift in Sources */ = {isa = PBXBuildFile; fileRef = 0129EFDF2586523100488AEC /* UIView+extension.swift */; };
		0129EFE625865BBC00488AEC /* SingleSelectionView.swift in Sources */ = {isa = PBXBuildFile; fileRef = 0129EFE525865BBC00488AEC /* SingleSelectionView.swift */; };
		0129EFEC25867D8C00488AEC /* BaseNews.swift in Sources */ = {isa = PBXBuildFile; fileRef = 0129EFEB25867D8C00488AEC /* BaseNews.swift */; };
		0129EFF425867DA700488AEC /* Article.swift in Sources */ = {isa = PBXBuildFile; fileRef = 0129EFF325867DA700488AEC /* Article.swift */; };
		0129EFF925867DC200488AEC /* Source.swift in Sources */ = {isa = PBXBuildFile; fileRef = 0129EFF825867DC200488AEC /* Source.swift */; };
		0129F00F2586934800488AEC /* SingleSelectionViewController.swift in Sources */ = {isa = PBXBuildFile; fileRef = 0129F00E2586934800488AEC /* SingleSelectionViewController.swift */; };
		0129F0142586A0DA00488AEC /* MultiSelectionsView.swift in Sources */ = {isa = PBXBuildFile; fileRef = 0129F0132586A0DA00488AEC /* MultiSelectionsView.swift */; };
		0129F0192586A5F200488AEC /* MultiSelectionViewController.swift in Sources */ = {isa = PBXBuildFile; fileRef = 0129F0182586A5F200488AEC /* MultiSelectionViewController.swift */; };
		0129F01E2586D75400488AEC /* LocalStore.swift in Sources */ = {isa = PBXBuildFile; fileRef = 0129F01D2586D75400488AEC /* LocalStore.swift */; };
		0129F02325879DBD00488AEC /* AlamofireExtensions.swift in Sources */ = {isa = PBXBuildFile; fileRef = 0129F02225879DBD00488AEC /* AlamofireExtensions.swift */; };
		0129F02825879DDB00488AEC /* APIFetcher.swift in Sources */ = {isa = PBXBuildFile; fileRef = 0129F02725879DDB00488AEC /* APIFetcher.swift */; };
		0129F02D25879DFE00488AEC /* CustomError.swift in Sources */ = {isa = PBXBuildFile; fileRef = 0129F02C25879DFE00488AEC /* CustomError.swift */; };
		0129F03325879E2500488AEC /* NetworkProtocols.swift in Sources */ = {isa = PBXBuildFile; fileRef = 0129F03225879E2500488AEC /* NetworkProtocols.swift */; };
		0129F03925879E6300488AEC /* BaseResponse.swift in Sources */ = {isa = PBXBuildFile; fileRef = 0129F03825879E6300488AEC /* BaseResponse.swift */; };
		0129F03F25879EC500488AEC /* BaseRequest.swift in Sources */ = {isa = PBXBuildFile; fileRef = 0129F03E25879EC500488AEC /* BaseRequest.swift */; };
		0129F0442587A45800488AEC /* HeadlinesRequest.swift in Sources */ = {isa = PBXBuildFile; fileRef = 0129F0432587A45800488AEC /* HeadlinesRequest.swift */; };
		0129F0492587A53D00488AEC /* APIs.swift in Sources */ = {isa = PBXBuildFile; fileRef = 0129F0482587A53D00488AEC /* APIs.swift */; };
		0129F05C2587CFD300488AEC /* HeadlineTableViewCell.swift in Sources */ = {isa = PBXBuildFile; fileRef = 0129F05A2587CFD300488AEC /* HeadlineTableViewCell.swift */; };
		0129F05D2587CFD300488AEC /* HeadlineTableViewCell.xib in Resources */ = {isa = PBXBuildFile; fileRef = 0129F05B2587CFD300488AEC /* HeadlineTableViewCell.xib */; };
		0129F0652587CFFA00488AEC /* CardView.swift in Sources */ = {isa = PBXBuildFile; fileRef = 0129F0642587CFFA00488AEC /* CardView.swift */; };
		0129F0702587D56E00488AEC /* TableViewExtention.swift in Sources */ = {isa = PBXBuildFile; fileRef = 0129F06F2587D56E00488AEC /* TableViewExtention.swift */; };
		0129F07F2587D8AB00488AEC /* DateFormatter+extension.swift in Sources */ = {isa = PBXBuildFile; fileRef = 0129F07E2587D8AB00488AEC /* DateFormatter+extension.swift */; };
		01C72FDC258807E90072A8F9 /* DataSource.swift in Sources */ = {isa = PBXBuildFile; fileRef = 01C72FDB258807E90072A8F9 /* DataSource.swift */; };
		6230B8F275A9A0CC108BADDE /* Pods_NewsTests.framework in Frameworks */ = {isa = PBXBuildFile; fileRef = 0CF9CC93B0FE9F91F6A56023 /* Pods_NewsTests.framework */; };
		93E26932220341E3D3D9097D /* Pods_News_NewsUITests.framework in Frameworks */ = {isa = PBXBuildFile; fileRef = DBF37809CDA3AEA04C21B04F /* Pods_News_NewsUITests.framework */; };
		DE90DDAF7AB39D0D016BAEF9 /* Pods_News.framework in Frameworks */ = {isa = PBXBuildFile; fileRef = 28E126D0CE273F5A97C75B05 /* Pods_News.framework */; };
/* End PBXBuildFile section */

/* Begin PBXContainerItemProxy section */
		0129EF76258611B900488AEC /* PBXContainerItemProxy */ = {
			isa = PBXContainerItemProxy;
			containerPortal = 0129EF57258611B800488AEC /* Project object */;
			proxyType = 1;
			remoteGlobalIDString = 0129EF5E258611B800488AEC;
			remoteInfo = News;
		};
		0129EF81258611B900488AEC /* PBXContainerItemProxy */ = {
			isa = PBXContainerItemProxy;
			containerPortal = 0129EF57258611B800488AEC /* Project object */;
			proxyType = 1;
			remoteGlobalIDString = 0129EF5E258611B800488AEC;
			remoteInfo = News;
		};
/* End PBXContainerItemProxy section */

/* Begin PBXFileReference section */
		0129EF5F258611B800488AEC /* News.app */ = {isa = PBXFileReference; explicitFileType = wrapper.application; includeInIndex = 0; path = News.app; sourceTree = BUILT_PRODUCTS_DIR; };
		0129EF62258611B800488AEC /* AppDelegate.swift */ = {isa = PBXFileReference; lastKnownFileType = sourcecode.swift; path = AppDelegate.swift; sourceTree = "<group>"; };
		0129EF64258611B800488AEC /* SceneDelegate.swift */ = {isa = PBXFileReference; lastKnownFileType = sourcecode.swift; path = SceneDelegate.swift; sourceTree = "<group>"; };
		0129EF66258611B800488AEC /* HomeViewController.swift */ = {isa = PBXFileReference; lastKnownFileType = sourcecode.swift; path = HomeViewController.swift; sourceTree = "<group>"; };
		0129EF69258611B800488AEC /* Base */ = {isa = PBXFileReference; lastKnownFileType = file.storyboard; name = Base; path = Base.lproj/Main.storyboard; sourceTree = "<group>"; };
		0129EF6B258611B900488AEC /* Assets.xcassets */ = {isa = PBXFileReference; lastKnownFileType = folder.assetcatalog; path = Assets.xcassets; sourceTree = "<group>"; };
		0129EF6E258611B900488AEC /* Base */ = {isa = PBXFileReference; lastKnownFileType = file.storyboard; name = Base; path = Base.lproj/LaunchScreen.storyboard; sourceTree = "<group>"; };
		0129EF70258611B900488AEC /* Info.plist */ = {isa = PBXFileReference; lastKnownFileType = text.plist.xml; path = Info.plist; sourceTree = "<group>"; };
		0129EF75258611B900488AEC /* NewsTests.xctest */ = {isa = PBXFileReference; explicitFileType = wrapper.cfbundle; includeInIndex = 0; path = NewsTests.xctest; sourceTree = BUILT_PRODUCTS_DIR; };
		0129EF79258611B900488AEC /* NewsTests.swift */ = {isa = PBXFileReference; lastKnownFileType = sourcecode.swift; path = NewsTests.swift; sourceTree = "<group>"; };
		0129EF7B258611B900488AEC /* Info.plist */ = {isa = PBXFileReference; lastKnownFileType = text.plist.xml; path = Info.plist; sourceTree = "<group>"; };
		0129EF80258611B900488AEC /* NewsUITests.xctest */ = {isa = PBXFileReference; explicitFileType = wrapper.cfbundle; includeInIndex = 0; path = NewsUITests.xctest; sourceTree = BUILT_PRODUCTS_DIR; };
		0129EF84258611B900488AEC /* NewsUITests.swift */ = {isa = PBXFileReference; lastKnownFileType = sourcecode.swift; path = NewsUITests.swift; sourceTree = "<group>"; };
		0129EF86258611B900488AEC /* Info.plist */ = {isa = PBXFileReference; lastKnownFileType = text.plist.xml; path = Info.plist; sourceTree = "<group>"; };
		0129EF962586149500488AEC /* SplashViewController.swift */ = {isa = PBXFileReference; lastKnownFileType = sourcecode.swift; path = SplashViewController.swift; sourceTree = "<group>"; };
		0129EFA12586162700488AEC /* Constants.swift */ = {isa = PBXFileReference; lastKnownFileType = sourcecode.swift; path = Constants.swift; sourceTree = "<group>"; };
		0129EFA7258619AF00488AEC /* Setting.swift */ = {isa = PBXFileReference; lastKnownFileType = sourcecode.swift; path = Setting.swift; sourceTree = "<group>"; };
		0129EFAD25862F7B00488AEC /* UserDefaultsDecoder.swift */ = {isa = PBXFileReference; lastKnownFileType = sourcecode.swift; path = UserDefaultsDecoder.swift; sourceTree = "<group>"; };
		0129EFB2258634AB00488AEC /* UIViewController + Extention.swift */ = {isa = PBXFileReference; lastKnownFileType = sourcecode.swift; path = "UIViewController + Extention.swift"; sourceTree = "<group>"; };
		0129EFB7258636A300488AEC /* SettingsViewController.swift */ = {isa = PBXFileReference; lastKnownFileType = sourcecode.swift; path = SettingsViewController.swift; sourceTree = "<group>"; };
		0129EFBD25863C9500488AEC /* SelectionsView.swift */ = {isa = PBXFileReference; lastKnownFileType = sourcecode.swift; path = SelectionsView.swift; sourceTree = "<group>"; };
		0129EFC525863CA900488AEC /* SelectionsView.xib */ = {isa = PBXFileReference; lastKnownFileType = file.xib; path = SelectionsView.xib; sourceTree = "<group>"; };
		0129EFCA25864C5C00488AEC /* SelectionTableViewCell.swift */ = {isa = PBXFileReference; lastKnownFileType = sourcecode.swift; path = SelectionTableViewCell.swift; sourceTree = "<group>"; };
		0129EFCB25864C5C00488AEC /* SelectionTableViewCell.xib */ = {isa = PBXFileReference; lastKnownFileType = file.xib; path = SelectionTableViewCell.xib; sourceTree = "<group>"; };
		0129EFD2258651C500488AEC /* NibLoadable+Reusable.swift */ = {isa = PBXFileReference; lastKnownFileType = sourcecode.swift; path = "NibLoadable+Reusable.swift"; sourceTree = "<group>"; };
		0129EFDA2586520100488AEC /* CustomViewNibLoadable.swift */ = {isa = PBXFileReference; lastKnownFileType = sourcecode.swift; path = CustomViewNibLoadable.swift; sourceTree = "<group>"; };
		0129EFDF2586523100488AEC /* UIView+extension.swift */ = {isa = PBXFileReference; lastKnownFileType = sourcecode.swift; path = "UIView+extension.swift"; sourceTree = "<group>"; };
		0129EFE525865BBC00488AEC /* SingleSelectionView.swift */ = {isa = PBXFileReference; lastKnownFileType = sourcecode.swift; path = SingleSelectionView.swift; sourceTree = "<group>"; };
		0129EFEB25867D8C00488AEC /* BaseNews.swift */ = {isa = PBXFileReference; lastKnownFileType = sourcecode.swift; path = BaseNews.swift; sourceTree = "<group>"; };
		0129EFF325867DA700488AEC /* Article.swift */ = {isa = PBXFileReference; lastKnownFileType = sourcecode.swift; path = Article.swift; sourceTree = "<group>"; };
		0129EFF825867DC200488AEC /* Source.swift */ = {isa = PBXFileReference; lastKnownFileType = sourcecode.swift; path = Source.swift; sourceTree = "<group>"; };
		0129F00E2586934800488AEC /* SingleSelectionViewController.swift */ = {isa = PBXFileReference; lastKnownFileType = sourcecode.swift; path = SingleSelectionViewController.swift; sourceTree = "<group>"; };
		0129F0132586A0DA00488AEC /* MultiSelectionsView.swift */ = {isa = PBXFileReference; lastKnownFileType = sourcecode.swift; path = MultiSelectionsView.swift; sourceTree = "<group>"; };
		0129F0182586A5F200488AEC /* MultiSelectionViewController.swift */ = {isa = PBXFileReference; lastKnownFileType = sourcecode.swift; path = MultiSelectionViewController.swift; sourceTree = "<group>"; };
		0129F01D2586D75400488AEC /* LocalStore.swift */ = {isa = PBXFileReference; lastKnownFileType = sourcecode.swift; path = LocalStore.swift; sourceTree = "<group>"; };
		0129F02225879DBD00488AEC /* AlamofireExtensions.swift */ = {isa = PBXFileReference; lastKnownFileType = sourcecode.swift; path = AlamofireExtensions.swift; sourceTree = "<group>"; };
		0129F02725879DDB00488AEC /* APIFetcher.swift */ = {isa = PBXFileReference; lastKnownFileType = sourcecode.swift; path = APIFetcher.swift; sourceTree = "<group>"; };
		0129F02C25879DFE00488AEC /* CustomError.swift */ = {isa = PBXFileReference; lastKnownFileType = sourcecode.swift; path = CustomError.swift; sourceTree = "<group>"; };
		0129F03225879E2500488AEC /* NetworkProtocols.swift */ = {isa = PBXFileReference; lastKnownFileType = sourcecode.swift; path = NetworkProtocols.swift; sourceTree = "<group>"; };
		0129F03825879E6300488AEC /* BaseResponse.swift */ = {isa = PBXFileReference; lastKnownFileType = sourcecode.swift; path = BaseResponse.swift; sourceTree = "<group>"; };
		0129F03E25879EC500488AEC /* BaseRequest.swift */ = {isa = PBXFileReference; lastKnownFileType = sourcecode.swift; path = BaseRequest.swift; sourceTree = "<group>"; };
		0129F0432587A45800488AEC /* HeadlinesRequest.swift */ = {isa = PBXFileReference; lastKnownFileType = sourcecode.swift; path = HeadlinesRequest.swift; sourceTree = "<group>"; };
		0129F0482587A53D00488AEC /* APIs.swift */ = {isa = PBXFileReference; lastKnownFileType = sourcecode.swift; path = APIs.swift; sourceTree = "<group>"; };
		0129F05A2587CFD300488AEC /* HeadlineTableViewCell.swift */ = {isa = PBXFileReference; lastKnownFileType = sourcecode.swift; path = HeadlineTableViewCell.swift; sourceTree = "<group>"; };
		0129F05B2587CFD300488AEC /* HeadlineTableViewCell.xib */ = {isa = PBXFileReference; lastKnownFileType = file.xib; path = HeadlineTableViewCell.xib; sourceTree = "<group>"; };
		0129F0642587CFFA00488AEC /* CardView.swift */ = {isa = PBXFileReference; lastKnownFileType = sourcecode.swift; path = CardView.swift; sourceTree = "<group>"; };
		0129F06F2587D56E00488AEC /* TableViewExtention.swift */ = {isa = PBXFileReference; lastKnownFileType = sourcecode.swift; path = TableViewExtention.swift; sourceTree = "<group>"; };
		0129F07E2587D8AB00488AEC /* DateFormatter+extension.swift */ = {isa = PBXFileReference; lastKnownFileType = sourcecode.swift; path = "DateFormatter+extension.swift"; sourceTree = "<group>"; };
		01C72FDB258807E90072A8F9 /* DataSource.swift */ = {isa = PBXFileReference; lastKnownFileType = sourcecode.swift; path = DataSource.swift; sourceTree = "<group>"; };
		0CF9CC93B0FE9F91F6A56023 /* Pods_NewsTests.framework */ = {isa = PBXFileReference; explicitFileType = wrapper.framework; includeInIndex = 0; path = Pods_NewsTests.framework; sourceTree = BUILT_PRODUCTS_DIR; };
		27C943990D74B0C4888FFB5D /* Pods-NewsTests.debug.xcconfig */ = {isa = PBXFileReference; includeInIndex = 1; lastKnownFileType = text.xcconfig; name = "Pods-NewsTests.debug.xcconfig"; path = "Target Support Files/Pods-NewsTests/Pods-NewsTests.debug.xcconfig"; sourceTree = "<group>"; };
		28E126D0CE273F5A97C75B05 /* Pods_News.framework */ = {isa = PBXFileReference; explicitFileType = wrapper.framework; includeInIndex = 0; path = Pods_News.framework; sourceTree = BUILT_PRODUCTS_DIR; };
		38EDE4ED1286C9B053EC8880 /* Pods-News-NewsUITests.debug.xcconfig */ = {isa = PBXFileReference; includeInIndex = 1; lastKnownFileType = text.xcconfig; name = "Pods-News-NewsUITests.debug.xcconfig"; path = "Target Support Files/Pods-News-NewsUITests/Pods-News-NewsUITests.debug.xcconfig"; sourceTree = "<group>"; };
		3D697A010B3832B4838B1C7F /* Pods-News-NewsUITests.release.xcconfig */ = {isa = PBXFileReference; includeInIndex = 1; lastKnownFileType = text.xcconfig; name = "Pods-News-NewsUITests.release.xcconfig"; path = "Target Support Files/Pods-News-NewsUITests/Pods-News-NewsUITests.release.xcconfig"; sourceTree = "<group>"; };
		493F750935212528EA625F7B /* Pods-News.release.xcconfig */ = {isa = PBXFileReference; includeInIndex = 1; lastKnownFileType = text.xcconfig; name = "Pods-News.release.xcconfig"; path = "Target Support Files/Pods-News/Pods-News.release.xcconfig"; sourceTree = "<group>"; };
		BBF463C232353AE7249EF327 /* Pods-News.debug.xcconfig */ = {isa = PBXFileReference; includeInIndex = 1; lastKnownFileType = text.xcconfig; name = "Pods-News.debug.xcconfig"; path = "Target Support Files/Pods-News/Pods-News.debug.xcconfig"; sourceTree = "<group>"; };
		DBF37809CDA3AEA04C21B04F /* Pods_News_NewsUITests.framework */ = {isa = PBXFileReference; explicitFileType = wrapper.framework; includeInIndex = 0; path = Pods_News_NewsUITests.framework; sourceTree = BUILT_PRODUCTS_DIR; };
		F0FD1B5582304117A064C5BB /* Pods-NewsTests.release.xcconfig */ = {isa = PBXFileReference; includeInIndex = 1; lastKnownFileType = text.xcconfig; name = "Pods-NewsTests.release.xcconfig"; path = "Target Support Files/Pods-NewsTests/Pods-NewsTests.release.xcconfig"; sourceTree = "<group>"; };
/* End PBXFileReference section */

/* Begin PBXFrameworksBuildPhase section */
		0129EF5C258611B800488AEC /* Frameworks */ = {
			isa = PBXFrameworksBuildPhase;
			buildActionMask = 2147483647;
			files = (
				DE90DDAF7AB39D0D016BAEF9 /* Pods_News.framework in Frameworks */,
			);
			runOnlyForDeploymentPostprocessing = 0;
		};
		0129EF72258611B900488AEC /* Frameworks */ = {
			isa = PBXFrameworksBuildPhase;
			buildActionMask = 2147483647;
			files = (
				6230B8F275A9A0CC108BADDE /* Pods_NewsTests.framework in Frameworks */,
			);
			runOnlyForDeploymentPostprocessing = 0;
		};
		0129EF7D258611B900488AEC /* Frameworks */ = {
			isa = PBXFrameworksBuildPhase;
			buildActionMask = 2147483647;
			files = (
				93E26932220341E3D3D9097D /* Pods_News_NewsUITests.framework in Frameworks */,
			);
			runOnlyForDeploymentPostprocessing = 0;
		};
/* End PBXFrameworksBuildPhase section */

/* Begin PBXGroup section */
		0129EF56258611B800488AEC = {
			isa = PBXGroup;
			children = (
				0129EF61258611B800488AEC /* News */,
				0129EF78258611B900488AEC /* NewsTests */,
				0129EF83258611B900488AEC /* NewsUITests */,
				0129EF60258611B800488AEC /* Products */,
				92ACC443796C2F2E9AAD0A9A /* Pods */,
				ADF88EE9B0B48E6FCF6AFA1C /* Frameworks */,
			);
			sourceTree = "<group>";
		};
		0129EF60258611B800488AEC /* Products */ = {
			isa = PBXGroup;
			children = (
				0129EF5F258611B800488AEC /* News.app */,
				0129EF75258611B900488AEC /* NewsTests.xctest */,
				0129EF80258611B900488AEC /* NewsUITests.xctest */,
			);
			name = Products;
			sourceTree = "<group>";
		};
		0129EF61258611B800488AEC /* News */ = {
			isa = PBXGroup;
			children = (
				0129F0552587CEA300488AEC /* Modules */,
				0129EFAC25862F5100488AEC /* Helpers */,
				0129EF62258611B800488AEC /* AppDelegate.swift */,
				0129EF64258611B800488AEC /* SceneDelegate.swift */,
				0129EF68258611B800488AEC /* Main.storyboard */,
				0129EF6B258611B900488AEC /* Assets.xcassets */,
				0129EF6D258611B900488AEC /* LaunchScreen.storyboard */,
				0129EF70258611B900488AEC /* Info.plist */,
			);
			path = News;
			sourceTree = "<group>";
		};
		0129EF78258611B900488AEC /* NewsTests */ = {
			isa = PBXGroup;
			children = (
				0129EF79258611B900488AEC /* NewsTests.swift */,
				0129EF7B258611B900488AEC /* Info.plist */,
			);
			path = NewsTests;
			sourceTree = "<group>";
		};
		0129EF83258611B900488AEC /* NewsUITests */ = {
			isa = PBXGroup;
			children = (
				0129EF84258611B900488AEC /* NewsUITests.swift */,
				0129EF86258611B900488AEC /* Info.plist */,
			);
			path = NewsUITests;
			sourceTree = "<group>";
		};
		0129EF952586146200488AEC /* onBoardingFlow */ = {
			isa = PBXGroup;
			children = (
				0129F0572587CEF000488AEC /* Models */,
				0129F0562587CED900488AEC /* controllers */,
				0129EFBC25863BDB00488AEC /* views */,
			);
			path = onBoardingFlow;
			sourceTree = "<group>";
		};
		0129EFAC25862F5100488AEC /* Helpers */ = {
			isa = PBXGroup;
			children = (
				0129EFA12586162700488AEC /* Constants.swift */,
				0129F01D2586D75400488AEC /* LocalStore.swift */,
				0129EFD2258651C500488AEC /* NibLoadable+Reusable.swift */,
				0129EFAD25862F7B00488AEC /* UserDefaultsDecoder.swift */,
				0129EFB2258634AB00488AEC /* UIViewController + Extention.swift */,
				0129EFDA2586520100488AEC /* CustomViewNibLoadable.swift */,
				0129EFDF2586523100488AEC /* UIView+extension.swift */,
				0129F06F2587D56E00488AEC /* TableViewExtention.swift */,
				0129F07E2587D8AB00488AEC /* DateFormatter+extension.swift */,
			);
			path = Helpers;
			sourceTree = "<group>";
		};
		0129EFBC25863BDB00488AEC /* views */ = {
			isa = PBXGroup;
			children = (
				0129EFBD25863C9500488AEC /* SelectionsView.swift */,
				0129EFC525863CA900488AEC /* SelectionsView.xib */,
				0129EFCA25864C5C00488AEC /* SelectionTableViewCell.swift */,
				0129EFCB25864C5C00488AEC /* SelectionTableViewCell.xib */,
				0129EFE525865BBC00488AEC /* SingleSelectionView.swift */,
				0129F0132586A0DA00488AEC /* MultiSelectionsView.swift */,
			);
			path = views;
			sourceTree = "<group>";
		};
		0129EFEA25867CBA00488AEC /* NetworkLayer */ = {
			isa = PBXGroup;
			children = (
				0129F03D25879EA800488AEC /* Request */,
				0129F03725879E4600488AEC /* Response */,
				0129F00125867F3F00488AEC /* Service Manager */,
				0129F0482587A53D00488AEC /* APIs.swift */,
				01C72FDB258807E90072A8F9 /* DataSource.swift */,
			);
			path = NetworkLayer;
			sourceTree = "<group>";
		};
		0129EFFD25867DEC00488AEC /* Models */ = {
			isa = PBXGroup;
			children = (
				0129EFEB25867D8C00488AEC /* BaseNews.swift */,
				0129EFF325867DA700488AEC /* Article.swift */,
				0129EFF825867DC200488AEC /* Source.swift */,
			);
			path = Models;
			sourceTree = "<group>";
		};
		0129F00125867F3F00488AEC /* Service Manager */ = {
			isa = PBXGroup;
			children = (
				0129F02225879DBD00488AEC /* AlamofireExtensions.swift */,
				0129F02725879DDB00488AEC /* APIFetcher.swift */,
				0129F02C25879DFE00488AEC /* CustomError.swift */,
				0129F03225879E2500488AEC /* NetworkProtocols.swift */,
			);
			name = "Service Manager";
			sourceTree = "<group>";
		};
		0129F03725879E4600488AEC /* Response */ = {
			isa = PBXGroup;
			children = (
				0129F03825879E6300488AEC /* BaseResponse.swift */,
			);
			name = Response;
			sourceTree = "<group>";
		};
		0129F03D25879EA800488AEC /* Request */ = {
			isa = PBXGroup;
			children = (
				0129F03E25879EC500488AEC /* BaseRequest.swift */,
				0129F0432587A45800488AEC /* HeadlinesRequest.swift */,
			);
			name = Request;
			sourceTree = "<group>";
		};
		0129F0542587CE8000488AEC /* Home */ = {
			isa = PBXGroup;
			children = (
				0129F0592587CF8800488AEC /* Views */,
				0129EFFD25867DEC00488AEC /* Models */,
				0129F0582587CF2800488AEC /* Controllers */,
			);
			path = Home;
			sourceTree = "<group>";
		};
		0129F0552587CEA300488AEC /* Modules */ = {
			isa = PBXGroup;
			children = (
				0129EFEA25867CBA00488AEC /* NetworkLayer */,
				0129EF952586146200488AEC /* onBoardingFlow */,
				0129F0542587CE8000488AEC /* Home */,
			);
			path = Modules;
			sourceTree = "<group>";
		};
		0129F0562587CED900488AEC /* controllers */ = {
			isa = PBXGroup;
			children = (
				0129F0182586A5F200488AEC /* MultiSelectionViewController.swift */,
				0129F00E2586934800488AEC /* SingleSelectionViewController.swift */,
				0129EF962586149500488AEC /* SplashViewController.swift */,
				0129EFB7258636A300488AEC /* SettingsViewController.swift */,
			);
			path = controllers;
			sourceTree = "<group>";
		};
		0129F0572587CEF000488AEC /* Models */ = {
			isa = PBXGroup;
			children = (
				0129EFA7258619AF00488AEC /* Setting.swift */,
			);
			path = Models;
			sourceTree = "<group>";
		};
		0129F0582587CF2800488AEC /* Controllers */ = {
			isa = PBXGroup;
			children = (
				0129EF66258611B800488AEC /* HomeViewController.swift */,
			);
			path = Controllers;
			sourceTree = "<group>";
		};
		0129F0592587CF8800488AEC /* Views */ = {
			isa = PBXGroup;
			children = (
				0129F05A2587CFD300488AEC /* HeadlineTableViewCell.swift */,
				0129F05B2587CFD300488AEC /* HeadlineTableViewCell.xib */,
				0129F0642587CFFA00488AEC /* CardView.swift */,
			);
			path = Views;
			sourceTree = "<group>";
		};
		92ACC443796C2F2E9AAD0A9A /* Pods */ = {
			isa = PBXGroup;
			children = (
				BBF463C232353AE7249EF327 /* Pods-News.debug.xcconfig */,
				493F750935212528EA625F7B /* Pods-News.release.xcconfig */,
				38EDE4ED1286C9B053EC8880 /* Pods-News-NewsUITests.debug.xcconfig */,
				3D697A010B3832B4838B1C7F /* Pods-News-NewsUITests.release.xcconfig */,
				27C943990D74B0C4888FFB5D /* Pods-NewsTests.debug.xcconfig */,
				F0FD1B5582304117A064C5BB /* Pods-NewsTests.release.xcconfig */,
			);
			path = Pods;
			sourceTree = "<group>";
		};
		ADF88EE9B0B48E6FCF6AFA1C /* Frameworks */ = {
			isa = PBXGroup;
			children = (
				28E126D0CE273F5A97C75B05 /* Pods_News.framework */,
				DBF37809CDA3AEA04C21B04F /* Pods_News_NewsUITests.framework */,
				0CF9CC93B0FE9F91F6A56023 /* Pods_NewsTests.framework */,
			);
			name = Frameworks;
			sourceTree = "<group>";
		};
/* End PBXGroup section */

/* Begin PBXNativeTarget section */
		0129EF5E258611B800488AEC /* News */ = {
			isa = PBXNativeTarget;
			buildConfigurationList = 0129EF89258611B900488AEC /* Build configuration list for PBXNativeTarget "News" */;
			buildPhases = (
				F1AAA4A2D1422EABF554DD3E /* [CP] Check Pods Manifest.lock */,
				0129EF5B258611B800488AEC /* Sources */,
				0129EF5C258611B800488AEC /* Frameworks */,
				0129EF5D258611B800488AEC /* Resources */,
				0FD4743F4758B0E2DE18425E /* [CP] Embed Pods Frameworks */,
			);
			buildRules = (
			);
			dependencies = (
			);
			name = News;
			productName = News;
			productReference = 0129EF5F258611B800488AEC /* News.app */;
			productType = "com.apple.product-type.application";
		};
		0129EF74258611B900488AEC /* NewsTests */ = {
			isa = PBXNativeTarget;
			buildConfigurationList = 0129EF8C258611B900488AEC /* Build configuration list for PBXNativeTarget "NewsTests" */;
			buildPhases = (
				064EE40D70046328657B560A /* [CP] Check Pods Manifest.lock */,
				0129EF71258611B900488AEC /* Sources */,
				0129EF72258611B900488AEC /* Frameworks */,
				0129EF73258611B900488AEC /* Resources */,
			);
			buildRules = (
			);
			dependencies = (
				0129EF77258611B900488AEC /* PBXTargetDependency */,
			);
			name = NewsTests;
			productName = NewsTests;
			productReference = 0129EF75258611B900488AEC /* NewsTests.xctest */;
			productType = "com.apple.product-type.bundle.unit-test";
		};
		0129EF7F258611B900488AEC /* NewsUITests */ = {
			isa = PBXNativeTarget;
			buildConfigurationList = 0129EF8F258611B900488AEC /* Build configuration list for PBXNativeTarget "NewsUITests" */;
			buildPhases = (
				CC3EB5F06CE4E15EC0CB20FB /* [CP] Check Pods Manifest.lock */,
				0129EF7C258611B900488AEC /* Sources */,
				0129EF7D258611B900488AEC /* Frameworks */,
				0129EF7E258611B900488AEC /* Resources */,
				340D0C787D5BE45F5A8E641D /* [CP] Embed Pods Frameworks */,
			);
			buildRules = (
			);
			dependencies = (
				0129EF82258611B900488AEC /* PBXTargetDependency */,
			);
			name = NewsUITests;
			productName = NewsUITests;
			productReference = 0129EF80258611B900488AEC /* NewsUITests.xctest */;
			productType = "com.apple.product-type.bundle.ui-testing";
		};
/* End PBXNativeTarget section */

/* Begin PBXProject section */
		0129EF57258611B800488AEC /* Project object */ = {
			isa = PBXProject;
			attributes = {
				LastSwiftUpdateCheck = 1210;
				LastUpgradeCheck = 1210;
				TargetAttributes = {
					0129EF5E258611B800488AEC = {
						CreatedOnToolsVersion = 12.1;
					};
					0129EF74258611B900488AEC = {
						CreatedOnToolsVersion = 12.1;
						TestTargetID = 0129EF5E258611B800488AEC;
					};
					0129EF7F258611B900488AEC = {
						CreatedOnToolsVersion = 12.1;
						TestTargetID = 0129EF5E258611B800488AEC;
					};
				};
			};
			buildConfigurationList = 0129EF5A258611B800488AEC /* Build configuration list for PBXProject "News" */;
			compatibilityVersion = "Xcode 9.3";
			developmentRegion = en;
			hasScannedForEncodings = 0;
			knownRegions = (
				en,
				Base,
			);
			mainGroup = 0129EF56258611B800488AEC;
			productRefGroup = 0129EF60258611B800488AEC /* Products */;
			projectDirPath = "";
			projectRoot = "";
			targets = (
				0129EF5E258611B800488AEC /* News */,
				0129EF74258611B900488AEC /* NewsTests */,
				0129EF7F258611B900488AEC /* NewsUITests */,
			);
		};
/* End PBXProject section */

/* Begin PBXResourcesBuildPhase section */
		0129EF5D258611B800488AEC /* Resources */ = {
			isa = PBXResourcesBuildPhase;
			buildActionMask = 2147483647;
			files = (
				0129EF6F258611B900488AEC /* LaunchScreen.storyboard in Resources */,
				0129EFCD25864C5C00488AEC /* SelectionTableViewCell.xib in Resources */,
				0129EF6C258611B900488AEC /* Assets.xcassets in Resources */,
				0129F05D2587CFD300488AEC /* HeadlineTableViewCell.xib in Resources */,
				0129EF6A258611B800488AEC /* Main.storyboard in Resources */,
				0129EFC625863CA900488AEC /* SelectionsView.xib in Resources */,
			);
			runOnlyForDeploymentPostprocessing = 0;
		};
		0129EF73258611B900488AEC /* Resources */ = {
			isa = PBXResourcesBuildPhase;
			buildActionMask = 2147483647;
			files = (
			);
			runOnlyForDeploymentPostprocessing = 0;
		};
		0129EF7E258611B900488AEC /* Resources */ = {
			isa = PBXResourcesBuildPhase;
			buildActionMask = 2147483647;
			files = (
			);
			runOnlyForDeploymentPostprocessing = 0;
		};
/* End PBXResourcesBuildPhase section */

/* Begin PBXShellScriptBuildPhase section */
		064EE40D70046328657B560A /* [CP] Check Pods Manifest.lock */ = {
			isa = PBXShellScriptBuildPhase;
			buildActionMask = 2147483647;
			files = (
			);
			inputFileListPaths = (
			);
			inputPaths = (
				"${PODS_PODFILE_DIR_PATH}/Podfile.lock",
				"${PODS_ROOT}/Manifest.lock",
			);
			name = "[CP] Check Pods Manifest.lock";
			outputFileListPaths = (
			);
			outputPaths = (
				"$(DERIVED_FILE_DIR)/Pods-NewsTests-checkManifestLockResult.txt",
			);
			runOnlyForDeploymentPostprocessing = 0;
			shellPath = /bin/sh;
			shellScript = "diff \"${PODS_PODFILE_DIR_PATH}/Podfile.lock\" \"${PODS_ROOT}/Manifest.lock\" > /dev/null\nif [ $? != 0 ] ; then\n    # print error to STDERR\n    echo \"error: The sandbox is not in sync with the Podfile.lock. Run 'pod install' or update your CocoaPods installation.\" >&2\n    exit 1\nfi\n# This output is used by Xcode 'outputs' to avoid re-running this script phase.\necho \"SUCCESS\" > \"${SCRIPT_OUTPUT_FILE_0}\"\n";
			showEnvVarsInLog = 0;
		};
		0FD4743F4758B0E2DE18425E /* [CP] Embed Pods Frameworks */ = {
			isa = PBXShellScriptBuildPhase;
			buildActionMask = 2147483647;
			files = (
			);
			inputFileListPaths = (
				"${PODS_ROOT}/Target Support Files/Pods-News/Pods-News-frameworks-${CONFIGURATION}-input-files.xcfilelist",
			);
			name = "[CP] Embed Pods Frameworks";
			outputFileListPaths = (
				"${PODS_ROOT}/Target Support Files/Pods-News/Pods-News-frameworks-${CONFIGURATION}-output-files.xcfilelist",
			);
			runOnlyForDeploymentPostprocessing = 0;
			shellPath = /bin/sh;
			shellScript = "\"${PODS_ROOT}/Target Support Files/Pods-News/Pods-News-frameworks.sh\"\n";
			showEnvVarsInLog = 0;
		};
		340D0C787D5BE45F5A8E641D /* [CP] Embed Pods Frameworks */ = {
			isa = PBXShellScriptBuildPhase;
			buildActionMask = 2147483647;
			files = (
			);
			inputFileListPaths = (
				"${PODS_ROOT}/Target Support Files/Pods-News-NewsUITests/Pods-News-NewsUITests-frameworks-${CONFIGURATION}-input-files.xcfilelist",
			);
			name = "[CP] Embed Pods Frameworks";
			outputFileListPaths = (
				"${PODS_ROOT}/Target Support Files/Pods-News-NewsUITests/Pods-News-NewsUITests-frameworks-${CONFIGURATION}-output-files.xcfilelist",
			);
			runOnlyForDeploymentPostprocessing = 0;
			shellPath = /bin/sh;
			shellScript = "\"${PODS_ROOT}/Target Support Files/Pods-News-NewsUITests/Pods-News-NewsUITests-frameworks.sh\"\n";
			showEnvVarsInLog = 0;
		};
		CC3EB5F06CE4E15EC0CB20FB /* [CP] Check Pods Manifest.lock */ = {
			isa = PBXShellScriptBuildPhase;
			buildActionMask = 2147483647;
			files = (
			);
			inputFileListPaths = (
			);
			inputPaths = (
				"${PODS_PODFILE_DIR_PATH}/Podfile.lock",
				"${PODS_ROOT}/Manifest.lock",
			);
			name = "[CP] Check Pods Manifest.lock";
			outputFileListPaths = (
			);
			outputPaths = (
				"$(DERIVED_FILE_DIR)/Pods-News-NewsUITests-checkManifestLockResult.txt",
			);
			runOnlyForDeploymentPostprocessing = 0;
			shellPath = /bin/sh;
			shellScript = "diff \"${PODS_PODFILE_DIR_PATH}/Podfile.lock\" \"${PODS_ROOT}/Manifest.lock\" > /dev/null\nif [ $? != 0 ] ; then\n    # print error to STDERR\n    echo \"error: The sandbox is not in sync with the Podfile.lock. Run 'pod install' or update your CocoaPods installation.\" >&2\n    exit 1\nfi\n# This output is used by Xcode 'outputs' to avoid re-running this script phase.\necho \"SUCCESS\" > \"${SCRIPT_OUTPUT_FILE_0}\"\n";
			showEnvVarsInLog = 0;
		};
		F1AAA4A2D1422EABF554DD3E /* [CP] Check Pods Manifest.lock */ = {
			isa = PBXShellScriptBuildPhase;
			buildActionMask = 2147483647;
			files = (
			);
			inputFileListPaths = (
			);
			inputPaths = (
				"${PODS_PODFILE_DIR_PATH}/Podfile.lock",
				"${PODS_ROOT}/Manifest.lock",
			);
			name = "[CP] Check Pods Manifest.lock";
			outputFileListPaths = (
			);
			outputPaths = (
				"$(DERIVED_FILE_DIR)/Pods-News-checkManifestLockResult.txt",
			);
			runOnlyForDeploymentPostprocessing = 0;
			shellPath = /bin/sh;
			shellScript = "diff \"${PODS_PODFILE_DIR_PATH}/Podfile.lock\" \"${PODS_ROOT}/Manifest.lock\" > /dev/null\nif [ $? != 0 ] ; then\n    # print error to STDERR\n    echo \"error: The sandbox is not in sync with the Podfile.lock. Run 'pod install' or update your CocoaPods installation.\" >&2\n    exit 1\nfi\n# This output is used by Xcode 'outputs' to avoid re-running this script phase.\necho \"SUCCESS\" > \"${SCRIPT_OUTPUT_FILE_0}\"\n";
			showEnvVarsInLog = 0;
		};
/* End PBXShellScriptBuildPhase section */

/* Begin PBXSourcesBuildPhase section */
		0129EF5B258611B800488AEC /* Sources */ = {
			isa = PBXSourcesBuildPhase;
			buildActionMask = 2147483647;
			files = (
				0129F02D25879DFE00488AEC /* CustomError.swift in Sources */,
				0129EFA22586162700488AEC /* Constants.swift in Sources */,
				0129EFEC25867D8C00488AEC /* BaseNews.swift in Sources */,
				0129EF67258611B800488AEC /* HomeViewController.swift in Sources */,
				0129EFAE25862F7B00488AEC /* UserDefaultsDecoder.swift in Sources */,
				0129EFCC25864C5C00488AEC /* SelectionTableViewCell.swift in Sources */,
				0129F03325879E2500488AEC /* NetworkProtocols.swift in Sources */,
				0129F07F2587D8AB00488AEC /* DateFormatter+extension.swift in Sources */,
				0129EFD3258651C500488AEC /* NibLoadable+Reusable.swift in Sources */,
				0129EFDB2586520100488AEC /* CustomViewNibLoadable.swift in Sources */,
				0129F02325879DBD00488AEC /* AlamofireExtensions.swift in Sources */,
				0129EFA8258619AF00488AEC /* Setting.swift in Sources */,
				0129EF63258611B800488AEC /* AppDelegate.swift in Sources */,
				0129EF972586149500488AEC /* SplashViewController.swift in Sources */,
				0129EF65258611B800488AEC /* SceneDelegate.swift in Sources */,
				0129F0192586A5F200488AEC /* MultiSelectionViewController.swift in Sources */,
				0129EFE02586523100488AEC /* UIView+extension.swift in Sources */,
				0129F02825879DDB00488AEC /* APIFetcher.swift in Sources */,
				0129EFBE25863C9500488AEC /* SelectionsView.swift in Sources */,
				0129F03925879E6300488AEC /* BaseResponse.swift in Sources */,
				0129F05C2587CFD300488AEC /* HeadlineTableViewCell.swift in Sources */,
				0129F0702587D56E00488AEC /* TableViewExtention.swift in Sources */,
				0129EFE625865BBC00488AEC /* SingleSelectionView.swift in Sources */,
				0129EFF925867DC200488AEC /* Source.swift in Sources */,
				0129EFF425867DA700488AEC /* Article.swift in Sources */,
				0129F01E2586D75400488AEC /* LocalStore.swift in Sources */,
				0129F0442587A45800488AEC /* HeadlinesRequest.swift in Sources */,
				0129EFB3258634AB00488AEC /* UIViewController + Extention.swift in Sources */,
				0129F03F25879EC500488AEC /* BaseRequest.swift in Sources */,
				01C72FDC258807E90072A8F9 /* DataSource.swift in Sources */,
				0129EFB8258636A300488AEC /* SettingsViewController.swift in Sources */,
				0129F00F2586934800488AEC /* SingleSelectionViewController.swift in Sources */,
				0129F0492587A53D00488AEC /* APIs.swift in Sources */,
				0129F0652587CFFA00488AEC /* CardView.swift in Sources */,
				0129F0142586A0DA00488AEC /* MultiSelectionsView.swift in Sources */,
			);
			runOnlyForDeploymentPostprocessing = 0;
		};
		0129EF71258611B900488AEC /* Sources */ = {
			isa = PBXSourcesBuildPhase;
			buildActionMask = 2147483647;
			files = (
				0129EF7A258611B900488AEC /* NewsTests.swift in Sources */,
			);
			runOnlyForDeploymentPostprocessing = 0;
		};
		0129EF7C258611B900488AEC /* Sources */ = {
			isa = PBXSourcesBuildPhase;
			buildActionMask = 2147483647;
			files = (
				0129EF85258611B900488AEC /* NewsUITests.swift in Sources */,
			);
			runOnlyForDeploymentPostprocessing = 0;
		};
/* End PBXSourcesBuildPhase section */

/* Begin PBXTargetDependency section */
		0129EF77258611B900488AEC /* PBXTargetDependency */ = {
			isa = PBXTargetDependency;
			target = 0129EF5E258611B800488AEC /* News */;
			targetProxy = 0129EF76258611B900488AEC /* PBXContainerItemProxy */;
		};
		0129EF82258611B900488AEC /* PBXTargetDependency */ = {
			isa = PBXTargetDependency;
			target = 0129EF5E258611B800488AEC /* News */;
			targetProxy = 0129EF81258611B900488AEC /* PBXContainerItemProxy */;
		};
/* End PBXTargetDependency section */

/* Begin PBXVariantGroup section */
		0129EF68258611B800488AEC /* Main.storyboard */ = {
			isa = PBXVariantGroup;
			children = (
				0129EF69258611B800488AEC /* Base */,
			);
			name = Main.storyboard;
			sourceTree = "<group>";
		};
		0129EF6D258611B900488AEC /* LaunchScreen.storyboard */ = {
			isa = PBXVariantGroup;
			children = (
				0129EF6E258611B900488AEC /* Base */,
			);
			name = LaunchScreen.storyboard;
			sourceTree = "<group>";
		};
/* End PBXVariantGroup section */

/* Begin XCBuildConfiguration section */
		0129EF87258611B900488AEC /* Debug */ = {
			isa = XCBuildConfiguration;
			buildSettings = {
				ALWAYS_SEARCH_USER_PATHS = NO;
				CLANG_ANALYZER_NONNULL = YES;
				CLANG_ANALYZER_NUMBER_OBJECT_CONVERSION = YES_AGGRESSIVE;
				CLANG_CXX_LANGUAGE_STANDARD = "gnu++14";
				CLANG_CXX_LIBRARY = "libc++";
				CLANG_ENABLE_MODULES = YES;
				CLANG_ENABLE_OBJC_ARC = YES;
				CLANG_ENABLE_OBJC_WEAK = YES;
				CLANG_WARN_BLOCK_CAPTURE_AUTORELEASING = YES;
				CLANG_WARN_BOOL_CONVERSION = YES;
				CLANG_WARN_COMMA = YES;
				CLANG_WARN_CONSTANT_CONVERSION = YES;
				CLANG_WARN_DEPRECATED_OBJC_IMPLEMENTATIONS = YES;
				CLANG_WARN_DIRECT_OBJC_ISA_USAGE = YES_ERROR;
				CLANG_WARN_DOCUMENTATION_COMMENTS = YES;
				CLANG_WARN_EMPTY_BODY = YES;
				CLANG_WARN_ENUM_CONVERSION = YES;
				CLANG_WARN_INFINITE_RECURSION = YES;
				CLANG_WARN_INT_CONVERSION = YES;
				CLANG_WARN_NON_LITERAL_NULL_CONVERSION = YES;
				CLANG_WARN_OBJC_IMPLICIT_RETAIN_SELF = YES;
				CLANG_WARN_OBJC_LITERAL_CONVERSION = YES;
				CLANG_WARN_OBJC_ROOT_CLASS = YES_ERROR;
				CLANG_WARN_QUOTED_INCLUDE_IN_FRAMEWORK_HEADER = YES;
				CLANG_WARN_RANGE_LOOP_ANALYSIS = YES;
				CLANG_WARN_STRICT_PROTOTYPES = YES;
				CLANG_WARN_SUSPICIOUS_MOVE = YES;
				CLANG_WARN_UNGUARDED_AVAILABILITY = YES_AGGRESSIVE;
				CLANG_WARN_UNREACHABLE_CODE = YES;
				CLANG_WARN__DUPLICATE_METHOD_MATCH = YES;
				COPY_PHASE_STRIP = NO;
				DEBUG_INFORMATION_FORMAT = dwarf;
				ENABLE_STRICT_OBJC_MSGSEND = YES;
				ENABLE_TESTABILITY = YES;
				GCC_C_LANGUAGE_STANDARD = gnu11;
				GCC_DYNAMIC_NO_PIC = NO;
				GCC_NO_COMMON_BLOCKS = YES;
				GCC_OPTIMIZATION_LEVEL = 0;
				GCC_PREPROCESSOR_DEFINITIONS = (
					"DEBUG=1",
					"$(inherited)",
				);
				GCC_WARN_64_TO_32_BIT_CONVERSION = YES;
				GCC_WARN_ABOUT_RETURN_TYPE = YES_ERROR;
				GCC_WARN_UNDECLARED_SELECTOR = YES;
				GCC_WARN_UNINITIALIZED_AUTOS = YES_AGGRESSIVE;
				GCC_WARN_UNUSED_FUNCTION = YES;
				GCC_WARN_UNUSED_VARIABLE = YES;
				IPHONEOS_DEPLOYMENT_TARGET = 14.1;
				MTL_ENABLE_DEBUG_INFO = INCLUDE_SOURCE;
				MTL_FAST_MATH = YES;
				ONLY_ACTIVE_ARCH = YES;
				SDKROOT = iphoneos;
				SWIFT_ACTIVE_COMPILATION_CONDITIONS = DEBUG;
				SWIFT_OPTIMIZATION_LEVEL = "-Onone";
			};
			name = Debug;
		};
		0129EF88258611B900488AEC /* Release */ = {
			isa = XCBuildConfiguration;
			buildSettings = {
				ALWAYS_SEARCH_USER_PATHS = NO;
				CLANG_ANALYZER_NONNULL = YES;
				CLANG_ANALYZER_NUMBER_OBJECT_CONVERSION = YES_AGGRESSIVE;
				CLANG_CXX_LANGUAGE_STANDARD = "gnu++14";
				CLANG_CXX_LIBRARY = "libc++";
				CLANG_ENABLE_MODULES = YES;
				CLANG_ENABLE_OBJC_ARC = YES;
				CLANG_ENABLE_OBJC_WEAK = YES;
				CLANG_WARN_BLOCK_CAPTURE_AUTORELEASING = YES;
				CLANG_WARN_BOOL_CONVERSION = YES;
				CLANG_WARN_COMMA = YES;
				CLANG_WARN_CONSTANT_CONVERSION = YES;
				CLANG_WARN_DEPRECATED_OBJC_IMPLEMENTATIONS = YES;
				CLANG_WARN_DIRECT_OBJC_ISA_USAGE = YES_ERROR;
				CLANG_WARN_DOCUMENTATION_COMMENTS = YES;
				CLANG_WARN_EMPTY_BODY = YES;
				CLANG_WARN_ENUM_CONVERSION = YES;
				CLANG_WARN_INFINITE_RECURSION = YES;
				CLANG_WARN_INT_CONVERSION = YES;
				CLANG_WARN_NON_LITERAL_NULL_CONVERSION = YES;
				CLANG_WARN_OBJC_IMPLICIT_RETAIN_SELF = YES;
				CLANG_WARN_OBJC_LITERAL_CONVERSION = YES;
				CLANG_WARN_OBJC_ROOT_CLASS = YES_ERROR;
				CLANG_WARN_QUOTED_INCLUDE_IN_FRAMEWORK_HEADER = YES;
				CLANG_WARN_RANGE_LOOP_ANALYSIS = YES;
				CLANG_WARN_STRICT_PROTOTYPES = YES;
				CLANG_WARN_SUSPICIOUS_MOVE = YES;
				CLANG_WARN_UNGUARDED_AVAILABILITY = YES_AGGRESSIVE;
				CLANG_WARN_UNREACHABLE_CODE = YES;
				CLANG_WARN__DUPLICATE_METHOD_MATCH = YES;
				COPY_PHASE_STRIP = NO;
				DEBUG_INFORMATION_FORMAT = "dwarf-with-dsym";
				ENABLE_NS_ASSERTIONS = NO;
				ENABLE_STRICT_OBJC_MSGSEND = YES;
				GCC_C_LANGUAGE_STANDARD = gnu11;
				GCC_NO_COMMON_BLOCKS = YES;
				GCC_WARN_64_TO_32_BIT_CONVERSION = YES;
				GCC_WARN_ABOUT_RETURN_TYPE = YES_ERROR;
				GCC_WARN_UNDECLARED_SELECTOR = YES;
				GCC_WARN_UNINITIALIZED_AUTOS = YES_AGGRESSIVE;
				GCC_WARN_UNUSED_FUNCTION = YES;
				GCC_WARN_UNUSED_VARIABLE = YES;
				IPHONEOS_DEPLOYMENT_TARGET = 14.1;
				MTL_ENABLE_DEBUG_INFO = NO;
				MTL_FAST_MATH = YES;
				SDKROOT = iphoneos;
				SWIFT_COMPILATION_MODE = wholemodule;
				SWIFT_OPTIMIZATION_LEVEL = "-O";
				VALIDATE_PRODUCT = YES;
			};
			name = Release;
		};
		0129EF8A258611B900488AEC /* Debug */ = {
			isa = XCBuildConfiguration;
			baseConfigurationReference = BBF463C232353AE7249EF327 /* Pods-News.debug.xcconfig */;
			buildSettings = {
				ASSETCATALOG_COMPILER_APPICON_NAME = AppIcon;
				ASSETCATALOG_COMPILER_GLOBAL_ACCENT_COLOR_NAME = AccentColor;
				CODE_SIGN_STYLE = Automatic;
				DEVELOPMENT_TEAM = R7RST9YD4A;
				INFOPLIST_FILE = News/Info.plist;
				LD_RUNPATH_SEARCH_PATHS = (
					"$(inherited)",
					"@executable_path/Frameworks",
				);
				PRODUCT_BUNDLE_IDENTIFIER = ITWORXEDU.News;
				PRODUCT_NAME = "$(TARGET_NAME)";
				SWIFT_VERSION = 5.0;
				TARGETED_DEVICE_FAMILY = "1,2";
			};
			name = Debug;
		};
		0129EF8B258611B900488AEC /* Release */ = {
			isa = XCBuildConfiguration;
			baseConfigurationReference = 493F750935212528EA625F7B /* Pods-News.release.xcconfig */;
			buildSettings = {
				ASSETCATALOG_COMPILER_APPICON_NAME = AppIcon;
				ASSETCATALOG_COMPILER_GLOBAL_ACCENT_COLOR_NAME = AccentColor;
				CODE_SIGN_STYLE = Automatic;
				DEVELOPMENT_TEAM = R7RST9YD4A;
				INFOPLIST_FILE = News/Info.plist;
				LD_RUNPATH_SEARCH_PATHS = (
					"$(inherited)",
					"@executable_path/Frameworks",
				);
				PRODUCT_BUNDLE_IDENTIFIER = ITWORXEDU.News;
				PRODUCT_NAME = "$(TARGET_NAME)";
				SWIFT_VERSION = 5.0;
				TARGETED_DEVICE_FAMILY = "1,2";
			};
			name = Release;
		};
		0129EF8D258611B900488AEC /* Debug */ = {
			isa = XCBuildConfiguration;
			baseConfigurationReference = 27C943990D74B0C4888FFB5D /* Pods-NewsTests.debug.xcconfig */;
			buildSettings = {
				ALWAYS_EMBED_SWIFT_STANDARD_LIBRARIES = YES;
				BUNDLE_LOADER = "$(TEST_HOST)";
				CODE_SIGN_STYLE = Automatic;
				DEVELOPMENT_TEAM = R7RST9YD4A;
				INFOPLIST_FILE = NewsTests/Info.plist;
				IPHONEOS_DEPLOYMENT_TARGET = 14.1;
				LD_RUNPATH_SEARCH_PATHS = (
					"$(inherited)",
					"@executable_path/Frameworks",
					"@loader_path/Frameworks",
				);
				PRODUCT_BUNDLE_IDENTIFIER = ITWORXEDU.NewsTests;
				PRODUCT_NAME = "$(TARGET_NAME)";
				SWIFT_VERSION = 5.0;
				TARGETED_DEVICE_FAMILY = "1,2";
				TEST_HOST = "$(BUILT_PRODUCTS_DIR)/News.app/News";
			};
			name = Debug;
		};
		0129EF8E258611B900488AEC /* Release */ = {
			isa = XCBuildConfiguration;
			baseConfigurationReference = F0FD1B5582304117A064C5BB /* Pods-NewsTests.release.xcconfig */;
			buildSettings = {
				ALWAYS_EMBED_SWIFT_STANDARD_LIBRARIES = YES;
				BUNDLE_LOADER = "$(TEST_HOST)";
				CODE_SIGN_STYLE = Automatic;
				DEVELOPMENT_TEAM = R7RST9YD4A;
				INFOPLIST_FILE = NewsTests/Info.plist;
				IPHONEOS_DEPLOYMENT_TARGET = 14.1;
				LD_RUNPATH_SEARCH_PATHS = (
					"$(inherited)",
					"@executable_path/Frameworks",
					"@loader_path/Frameworks",
				);
				PRODUCT_BUNDLE_IDENTIFIER = ITWORXEDU.NewsTests;
				PRODUCT_NAME = "$(TARGET_NAME)";
				SWIFT_VERSION = 5.0;
				TARGETED_DEVICE_FAMILY = "1,2";
				TEST_HOST = "$(BUILT_PRODUCTS_DIR)/News.app/News";
			};
			name = Release;
		};
		0129EF90258611B900488AEC /* Debug */ = {
			isa = XCBuildConfiguration;
			baseConfigurationReference = 38EDE4ED1286C9B053EC8880 /* Pods-News-NewsUITests.debug.xcconfig */;
			buildSettings = {
				ALWAYS_EMBED_SWIFT_STANDARD_LIBRARIES = YES;
				CODE_SIGN_STYLE = Automatic;
				DEVELOPMENT_TEAM = R7RST9YD4A;
				INFOPLIST_FILE = NewsUITests/Info.plist;
				LD_RUNPATH_SEARCH_PATHS = (
					"$(inherited)",
					"@executable_path/Frameworks",
					"@loader_path/Frameworks",
				);
				PRODUCT_BUNDLE_IDENTIFIER = ITWORXEDU.NewsUITests;
				PRODUCT_NAME = "$(TARGET_NAME)";
				SWIFT_VERSION = 5.0;
				TARGETED_DEVICE_FAMILY = "1,2";
				TEST_TARGET_NAME = News;
			};
			name = Debug;
		};
		0129EF91258611B900488AEC /* Release */ = {
			isa = XCBuildConfiguration;
			baseConfigurationReference = 3D697A010B3832B4838B1C7F /* Pods-News-NewsUITests.release.xcconfig */;
			buildSettings = {
				ALWAYS_EMBED_SWIFT_STANDARD_LIBRARIES = YES;
				CODE_SIGN_STYLE = Automatic;
				DEVELOPMENT_TEAM = R7RST9YD4A;
				INFOPLIST_FILE = NewsUITests/Info.plist;
				LD_RUNPATH_SEARCH_PATHS = (
					"$(inherited)",
					"@executable_path/Frameworks",
					"@loader_path/Frameworks",
				);
				PRODUCT_BUNDLE_IDENTIFIER = ITWORXEDU.NewsUITests;
				PRODUCT_NAME = "$(TARGET_NAME)";
				SWIFT_VERSION = 5.0;
				TARGETED_DEVICE_FAMILY = "1,2";
				TEST_TARGET_NAME = News;
			};
			name = Release;
		};
/* End XCBuildConfiguration section */

/* Begin XCConfigurationList section */
		0129EF5A258611B800488AEC /* Build configuration list for PBXProject "News" */ = {
			isa = XCConfigurationList;
			buildConfigurations = (
				0129EF87258611B900488AEC /* Debug */,
				0129EF88258611B900488AEC /* Release */,
			);
			defaultConfigurationIsVisible = 0;
			defaultConfigurationName = Release;
		};
		0129EF89258611B900488AEC /* Build configuration list for PBXNativeTarget "News" */ = {
			isa = XCConfigurationList;
			buildConfigurations = (
				0129EF8A258611B900488AEC /* Debug */,
				0129EF8B258611B900488AEC /* Release */,
			);
			defaultConfigurationIsVisible = 0;
			defaultConfigurationName = Release;
		};
		0129EF8C258611B900488AEC /* Build configuration list for PBXNativeTarget "NewsTests" */ = {
			isa = XCConfigurationList;
			buildConfigurations = (
				0129EF8D258611B900488AEC /* Debug */,
				0129EF8E258611B900488AEC /* Release */,
			);
			defaultConfigurationIsVisible = 0;
			defaultConfigurationName = Release;
		};
		0129EF8F258611B900488AEC /* Build configuration list for PBXNativeTarget "NewsUITests" */ = {
			isa = XCConfigurationList;
			buildConfigurations = (
				0129EF90258611B900488AEC /* Debug */,
				0129EF91258611B900488AEC /* Release */,
			);
			defaultConfigurationIsVisible = 0;
			defaultConfigurationName = Release;
		};
/* End XCConfigurationList section */
	};
	rootObject = 0129EF57258611B800488AEC /* Project object */;
}
